
Microsoft Visual Studio Solution File, Format Version 12.00
# Visual Studio 15
VisualStudioVersion = 15.0.26730.16
MinimumVisualStudioVersion = 10.0.40219.1
Project("{8BC9CEB8-8B4A-11D0-8D11-00A0C91BC942}") = "Caculate_s", "Caculate_s\Caculate_s.vcxproj", "{8978EEDE-2D3D-4F6E-A36B-768333D616B8}"
EndProject
Global
	GlobalSection(SolutionConfigurationPlatforms) = preSolution
		Debug|x64 = Debug|x64
		Debug|x86 = Debug|x86
		Release|x64 = Release|x64
		Release|x86 = Release|x86
	EndGlobalSection
	GlobalSection(ProjectConfigurationPlatforms) = postSolution
		{8978EEDE-2D3D-4F6E-A36B-768333D616B8}.Debug|x64.ActiveCfg = Debug|x64
		{8978EEDE-2D3D-4F6E-A36B-768333D616B8}.Debug|x64.Build.0 = Debug|x64
		{8978EEDE-2D3D-4F6E-A36B-768333D616B8}.Debug|x86.ActiveCfg = Debug|Win32
		{8978EEDE-2D3D-4F6E-A36B-768333D616B8}.Debug|x86.Build.0 = Debug|Win32
		{8978EEDE-2D3D-4F6E-A36B-768333D616B8}.Release|x64.ActiveCfg = Release|x64
		{8978EEDE-2D3D-4F6E-A36B-768333D616B8}.Release|x64.Build.0 = Release|x64
		{8978EEDE-2D3D-4F6E-A36B-768333D616B8}.Release|x86.ActiveCfg = Release|Win32
		{8978EEDE-2D3D-4F6E-A36B-768333D616B8}.Release|x86.Build.0 = Release|Win32
	EndGlobalSection
	GlobalSection(SolutionProperties) = preSolution
		HideSolutionNode = FALSE
	EndGlobalSection
	GlobalSection(ExtensibilityGlobals) = postSolution
		SolutionGuid = {500DFE58-139C-461D-85FA-4BA4D55BAEC2}
	EndGlobalSection
EndGlobal
